
Microsoft Visual Studio Solution File, Format Version 12.00
# Visual Studio Version 17
VisualStudioVersion = 17.9.34622.214
MinimumVisualStudioVersion = 10.0.40219.1
Project("{FAE04EC0-301F-11D3-BF4B-00C04F79EFBC}") = "NetCoreTypescript", "NetCoreTypescript\NetCoreTypescript.csproj", "{D242B893-1BE4-454E-A953-C5B5FD5B67EF}"
EndProject
Global
	GlobalSection(SolutionConfigurationPlatforms) = preSolution
		Debug|Any CPU = Debug|Any CPU
		Release|Any CPU = Release|Any CPU
	EndGlobalSection
	GlobalSection(ProjectConfigurationPlatforms) = postSolution
		{D242B893-1BE4-454E-A953-C5B5FD5B67EF}.Debug|Any CPU.ActiveCfg = Debug|Any CPU
		{D242B893-1BE4-454E-A953-C5B5FD5B67EF}.Debug|Any CPU.Build.0 = Debug|Any CPU
		{D242B893-1BE4-454E-A953-C5B5FD5B67EF}.Release|Any CPU.ActiveCfg = Release|Any CPU
		{D242B893-1BE4-454E-A953-C5B5FD5B67EF}.Release|Any CPU.Build.0 = Release|Any CPU
	EndGlobalSection
	GlobalSection(SolutionProperties) = preSolution
		HideSolutionNode = FALSE
	EndGlobalSection
	GlobalSection(ExtensibilityGlobals) = postSolution
		SolutionGuid = {DB699A86-9279-465A-B6FF-4D626912C756}
	EndGlobalSection
EndGlobal
